# This file is automatically @generated by Cargo.
# It is not intended for manual editing.
version = 4

[[package]]
name = "picoalloc"
version = "5.2.0"
dependencies = [
 "polkavm-derive",
]

[[package]]
name = "picoalloc_native"
version = "5.1.0"
dependencies = [
 "picoalloc",
]

[[package]]
name = "polkavm-common"
version = "0.25.0"
source = "registry+https://github.com/rust-lang/crates.io-index"
checksum = "28732f89f1e730d908fd816db50ee2afcb8368345ded9f9bc78fbd710db7a4be"

[[package]]
name = "polkavm-derive"
version = "0.25.0"
source = "registry+https://github.com/rust-lang/crates.io-index"
checksum = "b5de33a198ef311b3ceb8de476515fbb92b4d2ed56feb23499b0875d0e6a8ce6"
dependencies = [
 "polkavm-derive-impl-macro",
]

[[package]]
name = "polkavm-derive-impl"
version = "0.25.0"
source = "registry+https://github.com/rust-lang/crates.io-index"
checksum = "dff180bfd5add755ae54197babc79cd6efc3c3d01a5ded643b1ab37a9932deb2"
dependencies = [
 "polkavm-common",
 "proc-macro2",
 "quote",
 "syn",
]

[[package]]
name = "polkavm-derive-impl-macro"
version = "0.25.0"
source = "registry+https://github.com/rust-lang/crates.io-index"
checksum = "0105f050c7bce74fa4327a3e8e5c8a6368e39a7c93c5e8e99b33df90c097c859"
dependencies = [
 "polkavm-derive-impl",
 "syn",
]

[[package]]
name = "proc-macro2"
version = "1.0.95"
source = "registry+https://github.com/rust-lang/crates.io-index"
checksum = "02b3e5e68a3a1a02aad3ec490a98007cbc13c37cbe84a3cd7b8e406d76e7f778"
dependencies = [
 "unicode-ident",
]

[[package]]
name = "quote"
version = "1.0.40"
source = "registry+https://github.com/rust-lang/crates.io-index"
checksum = "1885c039570dc00dcb4ff087a89e185fd56bae234ddc7f056a945bf36467248d"
dependencies = [
 "proc-macro2",
]

[[package]]
name = "syn"
version = "2.0.101"
source = "registry+https://github.com/rust-lang/crates.io-index"
checksum = "8ce2b7fc941b3a24138a0a7cf8e858bfc6a992e7978a068a5c760deb0ed43caf"
dependencies = [
 "proc-macro2",
 "quote",
 "unicode-ident",
]

[[package]]
name = "unicode-ident"
version = "1.0.18"
source = "registry+https://github.com/rust-lang/crates.io-index"
checksum = "5a5f39404a5da50712a4c1eecf25e90dd62b613502b7e925fd4e4d19b5c96512"
